
Microsoft Visual Studio Solution File, Format Version 12.00
# Visual Studio Version 17
VisualStudioVersion = 17.0.32112.339
MinimumVisualStudioVersion = 10.0.40219.1
Project("{FAE04EC0-301F-11D3-BF4B-00C04F79EFBC}") = "Assignment42", "Assignment42\Assignment42.csproj", "{B832E97C-2F45-42E9-840F-6EE9EB22E8D6}"
EndProject
Global
	GlobalSection(SolutionConfigurationPlatforms) = preSolution
		Debug|Any CPU = Debug|Any CPU
		Release|Any CPU = Release|Any CPU
	EndGlobalSection
	GlobalSection(ProjectConfigurationPlatforms) = postSolution
		{B832E97C-2F45-42E9-840F-6EE9EB22E8D6}.Debug|Any CPU.ActiveCfg = Debug|Any CPU
		{B832E97C-2F45-42E9-840F-6EE9EB22E8D6}.Debug|Any CPU.Build.0 = Debug|Any CPU
		{B832E97C-2F45-42E9-840F-6EE9EB22E8D6}.Release|Any CPU.ActiveCfg = Release|Any CPU
		{B832E97C-2F45-42E9-840F-6EE9EB22E8D6}.Release|Any CPU.Build.0 = Release|Any CPU
	EndGlobalSection
	GlobalSection(SolutionProperties) = preSolution
		HideSolutionNode = FALSE
	EndGlobalSection
	GlobalSection(ExtensibilityGlobals) = postSolution
		SolutionGuid = {1DF2ABB2-F1A9-4157-86F9-633A9304DCAD}
	EndGlobalSection
EndGlobal
